
Microsoft Visual Studio Solution File, Format Version 12.00
# Visual Studio Version 16
VisualStudioVersion = 16.0.32228.343
MinimumVisualStudioVersion = 10.0.40219.1
Project("{FAE04EC0-301F-11D3-BF4B-00C04F79EFBC}") = "MyRealRocket", "MyRealRocket\MyRealRocket.csproj", "{4265CC22-C67E-4211-96FC-E7CFAF63F55A}"
EndProject
Global
	GlobalSection(SolutionConfigurationPlatforms) = preSolution
		Debug|Any CPU = Debug|Any CPU
		Release|Any CPU = Release|Any CPU
	EndGlobalSection
	GlobalSection(ProjectConfigurationPlatforms) = postSolution
		{4265CC22-C67E-4211-96FC-E7CFAF63F55A}.Debug|Any CPU.ActiveCfg = Debug|Any CPU
		{4265CC22-C67E-4211-96FC-E7CFAF63F55A}.Debug|Any CPU.Build.0 = Debug|Any CPU
		{4265CC22-C67E-4211-96FC-E7CFAF63F55A}.Release|Any CPU.ActiveCfg = Release|Any CPU
		{4265CC22-C67E-4211-96FC-E7CFAF63F55A}.Release|Any CPU.Build.0 = Release|Any CPU
	EndGlobalSection
	GlobalSection(SolutionProperties) = preSolution
		HideSolutionNode = FALSE
	EndGlobalSection
	GlobalSection(ExtensibilityGlobals) = postSolution
		SolutionGuid = {1CA0FBB6-6E9B-4FF0-B9C9-B8913AC2FA7C}
	EndGlobalSection
EndGlobal
